
Microsoft Visual Studio Solution File, Format Version 12.00
# Visual Studio Version 17
VisualStudioVersion = 17.1.32328.378
MinimumVisualStudioVersion = 10.0.40219.1
Project("{FAE04EC0-301F-11D3-BF4B-00C04F79EFBC}") = "CountDownTimer", "CountDownTimer\CountDownTimer.csproj", "{411FC2BB-72B4-433E-9AC6-C364108D6815}"
EndProject
Global
	GlobalSection(SolutionConfigurationPlatforms) = preSolution
		Debug|Any CPU = Debug|Any CPU
		Release|Any CPU = Release|Any CPU
	EndGlobalSection
	GlobalSection(ProjectConfigurationPlatforms) = postSolution
		{411FC2BB-72B4-433E-9AC6-C364108D6815}.Debug|Any CPU.ActiveCfg = Debug|Any CPU
		{411FC2BB-72B4-433E-9AC6-C364108D6815}.Debug|Any CPU.Build.0 = Debug|Any CPU
		{411FC2BB-72B4-433E-9AC6-C364108D6815}.Release|Any CPU.ActiveCfg = Release|Any CPU
		{411FC2BB-72B4-433E-9AC6-C364108D6815}.Release|Any CPU.Build.0 = Release|Any CPU
	EndGlobalSection
	GlobalSection(SolutionProperties) = preSolution
		HideSolutionNode = FALSE
	EndGlobalSection
	GlobalSection(ExtensibilityGlobals) = postSolution
		SolutionGuid = {E74EAD2B-D525-4DCB-A488-D44BC887BD8E}
	EndGlobalSection
EndGlobal
